
Microsoft Visual Studio Solution File, Format Version 12.00
# Visual Studio 15
VisualStudioVersion = 15.0.27130.2036
MinimumVisualStudioVersion = 10.0.40219.1
Project("{2150E333-8FDC-42A3-9474-1A3956D46DE8}") = ".nuget", ".nuget", "{84AE09B1-A124-4886-B44D-B68ABF36AB67}"
	ProjectSection(SolutionItems) = preProject
		.nuget\NuGet.Config = .nuget\NuGet.Config
		.nuget\NuGet.exe = .nuget\NuGet.exe
		.nuget\NuGet.targets = .nuget\NuGet.targets
	EndProjectSection
EndProject
Project("{FAE04EC0-301F-11D3-BF4B-00C04F79EFBC}") = "WebApp", "WebApp\WebApp.csproj", "{07D1C353-4626-4D20-A804-531517BCF3F5}"
	ProjectSection(ProjectDependencies) = postProject
		{46F908FE-3051-400E-8D23-6049BE2C4B90} = {46F908FE-3051-400E-8D23-6049BE2C4B90}
	EndProjectSection
EndProject
Project("{FAE04EC0-301F-11D3-BF4B-00C04F79EFBC}") = "WebApi", "WebApi\WebApi.csproj", "{FEBD0A38-D884-403D-89C5-1FEFE80BB550}"
EndProject
Project("{FAE04EC0-301F-11D3-BF4B-00C04F79EFBC}") = "WcfServiceApp", "WcfServiceApp\WcfServiceApp.csproj", "{46F908FE-3051-400E-8D23-6049BE2C4B90}"
EndProject
Project("{9A19103F-16F7-4668-BE54-9A1E7A4F7556}") = "MigrationFuncApp", "MigrationFuncApp\MigrationFuncApp.csproj", "{544FF9AA-6B45-462A-A45D-6E79AFB3BB1A}"
EndProject
Project("{E24C65DC-7377-472B-9ABA-BC803B73C61A}") = "IefCustomPolicies", "IefCustomPolicies\", "{EF197AF8-3485-4F82-8DC0-E9C270FD2A95}"
	ProjectSection(WebsiteProperties) = preProject
		TargetFrameworkMoniker = ".NETFramework,Version%3Dv4.6.1"
		Debug.AspNetCompiler.VirtualPath = "/localhost_22212"
		Debug.AspNetCompiler.PhysicalPath = "IefCustomPolicies\"
		Debug.AspNetCompiler.TargetPath = "PrecompiledWeb\localhost_22212\"
		Debug.AspNetCompiler.Updateable = "true"
		Debug.AspNetCompiler.ForceOverwrite = "true"
		Debug.AspNetCompiler.FixedNames = "false"
		Debug.AspNetCompiler.Debug = "True"
		Release.AspNetCompiler.VirtualPath = "/localhost_22212"
		Release.AspNetCompiler.PhysicalPath = "IefCustomPolicies\"
		Release.AspNetCompiler.TargetPath = "PrecompiledWeb\localhost_22212\"
		Release.AspNetCompiler.Updateable = "true"
		Release.AspNetCompiler.ForceOverwrite = "true"
		Release.AspNetCompiler.FixedNames = "false"
		Release.AspNetCompiler.Debug = "False"
		VWDPort = "22212"
		SlnRelativePath = "IefCustomPolicies\"
		DefaultWebSiteLanguage = "Visual C#"
	EndProjectSection
EndProject
Project("{FAE04EC0-301F-11D3-BF4B-00C04F79EFBC}") = "UserMigrationApp", "UserMigrationApp\UserMigrationApp.csproj", "{7FD6BFEA-1DE1-44D7-AF85-BE638AB99E08}"
EndProject
Project("{2150E333-8FDC-42A3-9474-1A3956D46DE8}") = "Solution Items", "Solution Items", "{B9C86886-8D7D-4DC8-9CF3-E579AF651E3C}"
	ProjectSection(SolutionItems) = preProject
		Scripts\TrainingADB2C-GrantDelete.ps1 = Scripts\TrainingADB2C-GrantDelete.ps1
	EndProjectSection
EndProject
Global
	GlobalSection(SolutionConfigurationPlatforms) = preSolution
		Debug|Any CPU = Debug|Any CPU
		Release|Any CPU = Release|Any CPU
	EndGlobalSection
	GlobalSection(ProjectConfigurationPlatforms) = postSolution
		{07D1C353-4626-4D20-A804-531517BCF3F5}.Debug|Any CPU.ActiveCfg = Debug|Any CPU
		{07D1C353-4626-4D20-A804-531517BCF3F5}.Debug|Any CPU.Build.0 = Debug|Any CPU
		{07D1C353-4626-4D20-A804-531517BCF3F5}.Release|Any CPU.ActiveCfg = Release|Any CPU
		{07D1C353-4626-4D20-A804-531517BCF3F5}.Release|Any CPU.Build.0 = Release|Any CPU
		{FEBD0A38-D884-403D-89C5-1FEFE80BB550}.Debug|Any CPU.ActiveCfg = Debug|Any CPU
		{FEBD0A38-D884-403D-89C5-1FEFE80BB550}.Debug|Any CPU.Build.0 = Debug|Any CPU
		{FEBD0A38-D884-403D-89C5-1FEFE80BB550}.Release|Any CPU.ActiveCfg = Release|Any CPU
		{FEBD0A38-D884-403D-89C5-1FEFE80BB550}.Release|Any CPU.Build.0 = Release|Any CPU
		{46F908FE-3051-400E-8D23-6049BE2C4B90}.Debug|Any CPU.ActiveCfg = Debug|Any CPU
		{46F908FE-3051-400E-8D23-6049BE2C4B90}.Debug|Any CPU.Build.0 = Debug|Any CPU
		{46F908FE-3051-400E-8D23-6049BE2C4B90}.Release|Any CPU.ActiveCfg = Release|Any CPU
		{46F908FE-3051-400E-8D23-6049BE2C4B90}.Release|Any CPU.Build.0 = Release|Any CPU
		{544FF9AA-6B45-462A-A45D-6E79AFB3BB1A}.Debug|Any CPU.ActiveCfg = Debug|Any CPU
		{544FF9AA-6B45-462A-A45D-6E79AFB3BB1A}.Debug|Any CPU.Build.0 = Debug|Any CPU
		{544FF9AA-6B45-462A-A45D-6E79AFB3BB1A}.Release|Any CPU.ActiveCfg = Release|Any CPU
		{544FF9AA-6B45-462A-A45D-6E79AFB3BB1A}.Release|Any CPU.Build.0 = Release|Any CPU
		{EF197AF8-3485-4F82-8DC0-E9C270FD2A95}.Debug|Any CPU.ActiveCfg = Debug|Any CPU
		{EF197AF8-3485-4F82-8DC0-E9C270FD2A95}.Debug|Any CPU.Build.0 = Debug|Any CPU
		{EF197AF8-3485-4F82-8DC0-E9C270FD2A95}.Release|Any CPU.ActiveCfg = Debug|Any CPU
		{EF197AF8-3485-4F82-8DC0-E9C270FD2A95}.Release|Any CPU.Build.0 = Debug|Any CPU
		{7FD6BFEA-1DE1-44D7-AF85-BE638AB99E08}.Debug|Any CPU.ActiveCfg = Debug|Any CPU
		{7FD6BFEA-1DE1-44D7-AF85-BE638AB99E08}.Debug|Any CPU.Build.0 = Debug|Any CPU
		{7FD6BFEA-1DE1-44D7-AF85-BE638AB99E08}.Release|Any CPU.ActiveCfg = Release|Any CPU
		{7FD6BFEA-1DE1-44D7-AF85-BE638AB99E08}.Release|Any CPU.Build.0 = Release|Any CPU
	EndGlobalSection
	GlobalSection(SolutionProperties) = preSolution
		HideSolutionNode = FALSE
	EndGlobalSection
	GlobalSection(ExtensibilityGlobals) = postSolution
		SolutionGuid = {C41C7F00-1C12-4538-8403-3A6A3749ED46}
	EndGlobalSection
EndGlobal
